
Microsoft Visual Studio Solution File, Format Version 12.00
# Visual Studio 15
VisualStudioVersion = 15.0.28010.2048
MinimumVisualStudioVersion = 10.0.40219.1
Project("{8BC9CEB8-8B4A-11D0-8D11-00A0C91BC942}") = "实验——约瑟夫问题", "实验——约瑟夫问题\实验——约瑟夫问题.vcxproj", "{4A1815D4-64DD-4845-BF59-F635C255E006}"
EndProject
Global
	GlobalSection(SolutionConfigurationPlatforms) = preSolution
		Debug|x64 = Debug|x64
		Debug|x86 = Debug|x86
		Release|x64 = Release|x64
		Release|x86 = Release|x86
	EndGlobalSection
	GlobalSection(ProjectConfigurationPlatforms) = postSolution
		{4A1815D4-64DD-4845-BF59-F635C255E006}.Debug|x64.ActiveCfg = Debug|x64
		{4A1815D4-64DD-4845-BF59-F635C255E006}.Debug|x64.Build.0 = Debug|x64
		{4A1815D4-64DD-4845-BF59-F635C255E006}.Debug|x86.ActiveCfg = Debug|Win32
		{4A1815D4-64DD-4845-BF59-F635C255E006}.Debug|x86.Build.0 = Debug|Win32
		{4A1815D4-64DD-4845-BF59-F635C255E006}.Release|x64.ActiveCfg = Release|x64
		{4A1815D4-64DD-4845-BF59-F635C255E006}.Release|x64.Build.0 = Release|x64
		{4A1815D4-64DD-4845-BF59-F635C255E006}.Release|x86.ActiveCfg = Release|Win32
		{4A1815D4-64DD-4845-BF59-F635C255E006}.Release|x86.Build.0 = Release|Win32
	EndGlobalSection
	GlobalSection(SolutionProperties) = preSolution
		HideSolutionNode = FALSE
	EndGlobalSection
	GlobalSection(ExtensibilityGlobals) = postSolution
		SolutionGuid = {959EFD12-0667-40E7-8B9F-81792497F702}
	EndGlobalSection
EndGlobal
